
Microsoft Visual Studio Solution File, Format Version 12.00
# Visual Studio Version 17
VisualStudioVersion = 17.13.35919.96 d17.13
MinimumVisualStudioVersion = 10.0.40219.1
Project("{FAE04EC0-301F-11D3-BF4B-00C04F79EFBC}") = "Mili_Omega_O-O", "Mili_Omega_O-O\Mili_Omega_O-O.csproj", "{67C37500-B6BD-4A7D-96EF-4F66046BC306}"
EndProject
Global
	GlobalSection(SolutionConfigurationPlatforms) = preSolution
		Debug|Any CPU = Debug|Any CPU
		Release|Any CPU = Release|Any CPU
	EndGlobalSection
	GlobalSection(ProjectConfigurationPlatforms) = postSolution
		{67C37500-B6BD-4A7D-96EF-4F66046BC306}.Debug|Any CPU.ActiveCfg = Debug|Any CPU
		{67C37500-B6BD-4A7D-96EF-4F66046BC306}.Debug|Any CPU.Build.0 = Debug|Any CPU
		{67C37500-B6BD-4A7D-96EF-4F66046BC306}.Release|Any CPU.ActiveCfg = Release|Any CPU
		{67C37500-B6BD-4A7D-96EF-4F66046BC306}.Release|Any CPU.Build.0 = Release|Any CPU
	EndGlobalSection
	GlobalSection(SolutionProperties) = preSolution
		HideSolutionNode = FALSE
	EndGlobalSection
	GlobalSection(ExtensibilityGlobals) = postSolution
		SolutionGuid = {6DA3C70C-CA87-4BBC-986B-F1C78B46B563}
	EndGlobalSection
EndGlobal
